
Microsoft Visual Studio Solution File, Format Version 12.00
# Visual Studio 2013
Project("{FAE04EC0-301F-11D3-BF4B-00C04F79EFBC}") = "Sandy.CSharp.Plugins", "Sandy.CSharp.Plugins.csproj", "{4DAEA606-2868-A430-9EC7-218B7DC4E831}"
EndProject
Project("{FAE04EC0-301F-11D3-BF4B-00C04F79EFBC}") = "Sandy.CSharp", "Sandy.CSharp.csproj", "{CA37C68D-5D93-7BCF-3E85-8C641EF41846}"
EndProject
Project("{FAE04EC0-301F-11D3-BF4B-00C04F79EFBC}") = "Sandy.CSharp.Editor", "Sandy.CSharp.Editor.csproj", "{B813638D-AFBA-B9EC-CEB3-C9790CF1C37F}"
EndProject
Global
	GlobalSection(SolutionConfigurationPlatforms) = preSolution
		Debug|Any CPU = Debug|Any CPU
		Release|Any CPU = Release|Any CPU
	EndGlobalSection
	GlobalSection(ProjectConfigurationPlatforms) = postSolution
		{4DAEA606-2868-A430-9EC7-218B7DC4E831}.Debug|Any CPU.ActiveCfg = Debug|Any CPU
		{4DAEA606-2868-A430-9EC7-218B7DC4E831}.Debug|Any CPU.Build.0 = Debug|Any CPU
		{4DAEA606-2868-A430-9EC7-218B7DC4E831}.Release|Any CPU.ActiveCfg = Release|Any CPU
		{4DAEA606-2868-A430-9EC7-218B7DC4E831}.Release|Any CPU.Build.0 = Release|Any CPU
		{CA37C68D-5D93-7BCF-3E85-8C641EF41846}.Debug|Any CPU.ActiveCfg = Debug|Any CPU
		{CA37C68D-5D93-7BCF-3E85-8C641EF41846}.Debug|Any CPU.Build.0 = Debug|Any CPU
		{CA37C68D-5D93-7BCF-3E85-8C641EF41846}.Release|Any CPU.ActiveCfg = Release|Any CPU
		{CA37C68D-5D93-7BCF-3E85-8C641EF41846}.Release|Any CPU.Build.0 = Release|Any CPU
		{B813638D-AFBA-B9EC-CEB3-C9790CF1C37F}.Debug|Any CPU.ActiveCfg = Debug|Any CPU
		{B813638D-AFBA-B9EC-CEB3-C9790CF1C37F}.Debug|Any CPU.Build.0 = Debug|Any CPU
		{B813638D-AFBA-B9EC-CEB3-C9790CF1C37F}.Release|Any CPU.ActiveCfg = Release|Any CPU
		{B813638D-AFBA-B9EC-CEB3-C9790CF1C37F}.Release|Any CPU.Build.0 = Release|Any CPU
	EndGlobalSection
	GlobalSection(SolutionProperties) = preSolution
		HideSolutionNode = FALSE
	EndGlobalSection
EndGlobal
